
Microsoft Visual Studio Solution File, Format Version 12.00
# Visual Studio Version 16
VisualStudioVersion = 16.0.31402.337
MinimumVisualStudioVersion = 10.0.40219.1
Project("{FAE04EC0-301F-11D3-BF4B-00C04F79EFBC}") = "QR Generator", "QR Generator\QR Generator.csproj", "{6D10CD30-C274-4083-BD7E-2D7FF2028453}"
EndProject
Global
	GlobalSection(SolutionConfigurationPlatforms) = preSolution
		Debug|Any CPU = Debug|Any CPU
		Release|Any CPU = Release|Any CPU
	EndGlobalSection
	GlobalSection(ProjectConfigurationPlatforms) = postSolution
		{6D10CD30-C274-4083-BD7E-2D7FF2028453}.Debug|Any CPU.ActiveCfg = Debug|Any CPU
		{6D10CD30-C274-4083-BD7E-2D7FF2028453}.Debug|Any CPU.Build.0 = Debug|Any CPU
		{6D10CD30-C274-4083-BD7E-2D7FF2028453}.Release|Any CPU.ActiveCfg = Release|Any CPU
		{6D10CD30-C274-4083-BD7E-2D7FF2028453}.Release|Any CPU.Build.0 = Release|Any CPU
	EndGlobalSection
	GlobalSection(SolutionProperties) = preSolution
		HideSolutionNode = FALSE
	EndGlobalSection
	GlobalSection(ExtensibilityGlobals) = postSolution
		SolutionGuid = {4FF4EB0A-4380-46BA-839E-9DF0C80E314A}
	EndGlobalSection
EndGlobal
